
Microsoft Visual Studio Solution File, Format Version 12.00
# Visual Studio Version 17
VisualStudioVersion = 17.11.35327.3
MinimumVisualStudioVersion = 10.0.40219.1
Project("{FAE04EC0-301F-11D3-BF4B-00C04F79EFBC}") = "UtilitaireData", "UtilitaireData.csproj", "{C0961BEB-311F-4A07-BC13-227817F97B84}"
EndProject
Global
	GlobalSection(SolutionConfigurationPlatforms) = preSolution
		Debug|Any CPU = Debug|Any CPU
		Release|Any CPU = Release|Any CPU
	EndGlobalSection
	GlobalSection(ProjectConfigurationPlatforms) = postSolution
		{C0961BEB-311F-4A07-BC13-227817F97B84}.Debug|Any CPU.ActiveCfg = Debug|Any CPU
		{C0961BEB-311F-4A07-BC13-227817F97B84}.Debug|Any CPU.Build.0 = Debug|Any CPU
		{C0961BEB-311F-4A07-BC13-227817F97B84}.Release|Any CPU.ActiveCfg = Release|Any CPU
		{C0961BEB-311F-4A07-BC13-227817F97B84}.Release|Any CPU.Build.0 = Release|Any CPU
	EndGlobalSection
	GlobalSection(SolutionProperties) = preSolution
		HideSolutionNode = FALSE
	EndGlobalSection
	GlobalSection(ExtensibilityGlobals) = postSolution
		SolutionGuid = {C32F1DAF-B78F-4A78-95D7-6E2F4577DBF6}
	EndGlobalSection
EndGlobal
